
Microsoft Visual Studio Solution File, Format Version 12.00
# Visual Studio Version 17
VisualStudioVersion = 17.3.32804.467
MinimumVisualStudioVersion = 10.0.40219.1
Project("{8BC9CEB8-8B4A-11D0-8D11-00A0C91BC942}") = "OnlinePicrossClient", "OnlinePicross\OnlinePicross.vcxproj", "{3816C2A3-926E-4E1A-8C08-099BD9EF7F95}"
EndProject
Project("{8BC9CEB8-8B4A-11D0-8D11-00A0C91BC942}") = "OnlinePicrossServer", "OnlinePicrossServer\OnlinePicrossServer.vcxproj", "{8C382985-101A-46F1-A182-A0E8EE7C94E3}"
EndProject
Global
	GlobalSection(SolutionConfigurationPlatforms) = preSolution
		Debug|x64 = Debug|x64
		Debug|x86 = Debug|x86
		Release|x64 = Release|x64
		Release|x86 = Release|x86
	EndGlobalSection
	GlobalSection(ProjectConfigurationPlatforms) = postSolution
		{3816C2A3-926E-4E1A-8C08-099BD9EF7F95}.Debug|x64.ActiveCfg = Debug|x64
		{3816C2A3-926E-4E1A-8C08-099BD9EF7F95}.Debug|x64.Build.0 = Debug|x64
		{3816C2A3-926E-4E1A-8C08-099BD9EF7F95}.Debug|x86.ActiveCfg = Debug|Win32
		{3816C2A3-926E-4E1A-8C08-099BD9EF7F95}.Debug|x86.Build.0 = Debug|Win32
		{3816C2A3-926E-4E1A-8C08-099BD9EF7F95}.Release|x64.ActiveCfg = Release|x64
		{3816C2A3-926E-4E1A-8C08-099BD9EF7F95}.Release|x64.Build.0 = Release|x64
		{3816C2A3-926E-4E1A-8C08-099BD9EF7F95}.Release|x86.ActiveCfg = Release|Win32
		{3816C2A3-926E-4E1A-8C08-099BD9EF7F95}.Release|x86.Build.0 = Release|Win32
		{8C382985-101A-46F1-A182-A0E8EE7C94E3}.Debug|x64.ActiveCfg = Debug|x64
		{8C382985-101A-46F1-A182-A0E8EE7C94E3}.Debug|x64.Build.0 = Debug|x64
		{8C382985-101A-46F1-A182-A0E8EE7C94E3}.Debug|x86.ActiveCfg = Debug|Win32
		{8C382985-101A-46F1-A182-A0E8EE7C94E3}.Debug|x86.Build.0 = Debug|Win32
		{8C382985-101A-46F1-A182-A0E8EE7C94E3}.Release|x64.ActiveCfg = Release|x64
		{8C382985-101A-46F1-A182-A0E8EE7C94E3}.Release|x64.Build.0 = Release|x64
		{8C382985-101A-46F1-A182-A0E8EE7C94E3}.Release|x86.ActiveCfg = Release|Win32
		{8C382985-101A-46F1-A182-A0E8EE7C94E3}.Release|x86.Build.0 = Release|Win32
	EndGlobalSection
	GlobalSection(SolutionProperties) = preSolution
		HideSolutionNode = FALSE
	EndGlobalSection
	GlobalSection(ExtensibilityGlobals) = postSolution
		SolutionGuid = {7F4ADF7F-A819-498B-84E9-C82DAD83CDA8}
	EndGlobalSection
EndGlobal
